
Microsoft Visual Studio Solution File, Format Version 12.00
# Visual Studio Version 16
VisualStudioVersion = 16.0.810.14
MinimumVisualStudioVersion = 10.0.40219.1
Project("{FAE04EC0-301F-11D3-BF4B-00C04F79EFBC}") = "FrontEnd_To_BackEnd", "FrontEnd_To_BackEnd\FrontEnd_To_BackEnd.csproj", "{79914F71-C57E-4671-9D8E-20137E954799}"
EndProject
Global
	GlobalSection(SolutionConfigurationPlatforms) = preSolution
		Debug|Any CPU = Debug|Any CPU
		Release|Any CPU = Release|Any CPU
	EndGlobalSection
	GlobalSection(ProjectConfigurationPlatforms) = postSolution
		{79914F71-C57E-4671-9D8E-20137E954799}.Debug|Any CPU.ActiveCfg = Debug|Any CPU
		{79914F71-C57E-4671-9D8E-20137E954799}.Debug|Any CPU.Build.0 = Debug|Any CPU
		{79914F71-C57E-4671-9D8E-20137E954799}.Release|Any CPU.ActiveCfg = Release|Any CPU
		{79914F71-C57E-4671-9D8E-20137E954799}.Release|Any CPU.Build.0 = Release|Any CPU
	EndGlobalSection
	GlobalSection(SolutionProperties) = preSolution
		HideSolutionNode = FALSE
	EndGlobalSection
	GlobalSection(ExtensibilityGlobals) = postSolution
		SolutionGuid = {69BBAA95-40CB-430D-9B09-C517A09DC1BE}
	EndGlobalSection
EndGlobal
